// !$*UTF8*$!
{
	archiveVersion = 1;
	classes = {
	};
	objectVersion = 50;
	objects = {

/* Begin PBXBuildFile section */
		1D46D9594790985C4A7B354F /* Pods_ARAudioTest.framework in Frameworks */ = {isa = PBXBuildFile; fileRef = EB13BEA7F181DED97D4F0A79 /* Pods_ARAudioTest.framework */; };
		5013282422F8B6820032AA26 /* blobs.wav in Resources */ = {isa = PBXBuildFile; fileRef = 5013282322F8B6820032AA26 /* blobs.wav */; };
		5013D45D22F8D58D00F1F2EC /* piano.wav in Resources */ = {isa = PBXBuildFile; fileRef = 5013D45C22F8D58D00F1F2EC /* piano.wav */; };
		5013D45F22FB5BFE00F1F2EC /* bottle.wav in Resources */ = {isa = PBXBuildFile; fileRef = 5013D45E22FB5BFD00F1F2EC /* bottle.wav */; };
		5013D46122FCB19400F1F2EC /* AudioEngine.swift in Sources */ = {isa = PBXBuildFile; fileRef = 5013D46022FCB19400F1F2EC /* AudioEngine.swift */; };
		5013D46322FCB6E500F1F2EC /* AudioView.swift in Sources */ = {isa = PBXBuildFile; fileRef = 5013D46222FCB6E400F1F2EC /* AudioView.swift */; };
		5013D46522FCB77A00F1F2EC /* EffectPreview.swift in Sources */ = {isa = PBXBuildFile; fileRef = 5013D46422FCB77A00F1F2EC /* EffectPreview.swift */; };
		5013D46722FCB7B800F1F2EC /* SavedAudioView.swift in Sources */ = {isa = PBXBuildFile; fileRef = 5013D46622FCB7B800F1F2EC /* SavedAudioView.swift */; };
		501563D122F4B40B00720B75 /* AppDelegate.swift in Sources */ = {isa = PBXBuildFile; fileRef = 501563D022F4B40B00720B75 /* AppDelegate.swift */; };
		501563D322F4B40B00720B75 /* Experience.rcproject in Sources */ = {isa = PBXBuildFile; fileRef = 501563D222F4B40B00720B75 /* Experience.rcproject */; };
		501563D522F4B40B00720B75 /* ContentView.swift in Sources */ = {isa = PBXBuildFile; fileRef = 501563D422F4B40B00720B75 /* ContentView.swift */; };
		501563D722F4B40E00720B75 /* Assets.xcassets in Resources */ = {isa = PBXBuildFile; fileRef = 501563D622F4B40E00720B75 /* Assets.xcassets */; };
		501563DA22F4B40E00720B75 /* Preview Assets.xcassets in Resources */ = {isa = PBXBuildFile; fileRef = 501563D922F4B40E00720B75 /* Preview Assets.xcassets */; };
		501563DD22F4B40E00720B75 /* LaunchScreen.storyboard in Resources */ = {isa = PBXBuildFile; fileRef = 501563DB22F4B40E00720B75 /* LaunchScreen.storyboard */; };
		501563E522F4C3F700720B75 /* hello.mp3 in Resources */ = {isa = PBXBuildFile; fileRef = 501563E422F4C3F700720B75 /* hello.mp3 */; };
/* End PBXBuildFile section */

/* Begin PBXFileReference section */
		3047F15EB22FECE6A93175DB /* Pods-ARAudioTest.debug.xcconfig */ = {isa = PBXFileReference; includeInIndex = 1; lastKnownFileType = text.xcconfig; name = "Pods-ARAudioTest.debug.xcconfig"; path = "Target Support Files/Pods-ARAudioTest/Pods-ARAudioTest.debug.xcconfig"; sourceTree = "<group>"; };
		5013282322F8B6820032AA26 /* blobs.wav */ = {isa = PBXFileReference; lastKnownFileType = audio.wav; name = blobs.wav; path = "../../Library/CloudStorage/iCloud Drive/Desktop/blobs.wav"; sourceTree = "<group>"; };
		5013D45C22F8D58D00F1F2EC /* piano.wav */ = {isa = PBXFileReference; lastKnownFileType = audio.wav; name = piano.wav; path = "../../Library/CloudStorage/iCloud Drive/Desktop/piano.wav"; sourceTree = "<group>"; };
		5013D45E22FB5BFD00F1F2EC /* bottle.wav */ = {isa = PBXFileReference; lastKnownFileType = audio.wav; name = bottle.wav; path = "../../Library/CloudStorage/iCloud Drive/Desktop/untitled folder/bottle.wav"; sourceTree = "<group>"; };
		5013D46022FCB19400F1F2EC /* AudioEngine.swift */ = {isa = PBXFileReference; lastKnownFileType = sourcecode.swift; path = AudioEngine.swift; sourceTree = "<group>"; };
		5013D46222FCB6E400F1F2EC /* AudioView.swift */ = {isa = PBXFileReference; lastKnownFileType = sourcecode.swift; path = AudioView.swift; sourceTree = "<group>"; };
		5013D46422FCB77A00F1F2EC /* EffectPreview.swift */ = {isa = PBXFileReference; lastKnownFileType = sourcecode.swift; path = EffectPreview.swift; sourceTree = "<group>"; };
		5013D46622FCB7B800F1F2EC /* SavedAudioView.swift */ = {isa = PBXFileReference; lastKnownFileType = sourcecode.swift; path = SavedAudioView.swift; sourceTree = "<group>"; };
		501563CD22F4B40B00720B75 /* ARAudioTest.app */ = {isa = PBXFileReference; explicitFileType = wrapper.application; includeInIndex = 0; path = ARAudioTest.app; sourceTree = BUILT_PRODUCTS_DIR; };
		501563D022F4B40B00720B75 /* AppDelegate.swift */ = {isa = PBXFileReference; lastKnownFileType = sourcecode.swift; path = AppDelegate.swift; sourceTree = "<group>"; };
		501563D222F4B40B00720B75 /* Experience.rcproject */ = {isa = PBXFileReference; lastKnownFileType = file.rcproject; path = Experience.rcproject; sourceTree = "<group>"; };
		501563D422F4B40B00720B75 /* ContentView.swift */ = {isa = PBXFileReference; lastKnownFileType = sourcecode.swift; path = ContentView.swift; sourceTree = "<group>"; };
		501563D622F4B40E00720B75 /* Assets.xcassets */ = {isa = PBXFileReference; lastKnownFileType = folder.assetcatalog; path = Assets.xcassets; sourceTree = "<group>"; };
		501563D922F4B40E00720B75 /* Preview Assets.xcassets */ = {isa = PBXFileReference; lastKnownFileType = folder.assetcatalog; path = "Preview Assets.xcassets"; sourceTree = "<group>"; };
		501563DC22F4B40E00720B75 /* Base */ = {isa = PBXFileReference; lastKnownFileType = file.storyboard; name = Base; path = Base.lproj/LaunchScreen.storyboard; sourceTree = "<group>"; };
		501563DE22F4B40E00720B75 /* Info.plist */ = {isa = PBXFileReference; lastKnownFileType = text.plist.xml; path = Info.plist; sourceTree = "<group>"; };
		501563E422F4C3F700720B75 /* hello.mp3 */ = {isa = PBXFileReference; lastKnownFileType = audio.mp3; name = hello.mp3; path = "../../Library/CloudStorage/iCloud Drive/Desktop/hello.mp3"; sourceTree = "<group>"; };
		E7DA62D65B92CFCB2569EAA6 /* Pods-ARAudioTest.release.xcconfig */ = {isa = PBXFileReference; includeInIndex = 1; lastKnownFileType = text.xcconfig; name = "Pods-ARAudioTest.release.xcconfig"; path = "Target Support Files/Pods-ARAudioTest/Pods-ARAudioTest.release.xcconfig"; sourceTree = "<group>"; };
		EB13BEA7F181DED97D4F0A79 /* Pods_ARAudioTest.framework */ = {isa = PBXFileReference; explicitFileType = wrapper.framework; includeInIndex = 0; path = Pods_ARAudioTest.framework; sourceTree = BUILT_PRODUCTS_DIR; };
/* End PBXFileReference section */

/* Begin PBXFrameworksBuildPhase section */
		501563CA22F4B40A00720B75 /* Frameworks */ = {
			isa = PBXFrameworksBuildPhase;
			buildActionMask = 2147483647;
			files = (
				1D46D9594790985C4A7B354F /* Pods_ARAudioTest.framework in Frameworks */,
			);
			runOnlyForDeploymentPostprocessing = 0;
		};
/* End PBXFrameworksBuildPhase section */

/* Begin PBXGroup section */
		4EB9ADB88FE2296DEA56FACA /* Frameworks */ = {
			isa = PBXGroup;
			children = (
				EB13BEA7F181DED97D4F0A79 /* Pods_ARAudioTest.framework */,
			);
			name = Frameworks;
			sourceTree = "<group>";
		};
		501563C422F4B40A00720B75 = {
			isa = PBXGroup;
			children = (
				501563CF22F4B40B00720B75 /* ARAudioTest */,
				501563CE22F4B40B00720B75 /* Products */,
				D0C7191F536D842D7B1FD9CE /* Pods */,
				4EB9ADB88FE2296DEA56FACA /* Frameworks */,
			);
			sourceTree = "<group>";
		};
		501563CE22F4B40B00720B75 /* Products */ = {
			isa = PBXGroup;
			children = (
				501563CD22F4B40B00720B75 /* ARAudioTest.app */,
			);
			name = Products;
			sourceTree = "<group>";
		};
		501563CF22F4B40B00720B75 /* ARAudioTest */ = {
			isa = PBXGroup;
			children = (
				501563E422F4C3F700720B75 /* hello.mp3 */,
				5013D45E22FB5BFD00F1F2EC /* bottle.wav */,
				5013D45C22F8D58D00F1F2EC /* piano.wav */,
				5013282322F8B6820032AA26 /* blobs.wav */,
				501563D022F4B40B00720B75 /* AppDelegate.swift */,
				501563D222F4B40B00720B75 /* Experience.rcproject */,
				501563D422F4B40B00720B75 /* ContentView.swift */,
				5013D46222FCB6E400F1F2EC /* AudioView.swift */,
				5013D46622FCB7B800F1F2EC /* SavedAudioView.swift */,
				5013D46422FCB77A00F1F2EC /* EffectPreview.swift */,
				5013D46022FCB19400F1F2EC /* AudioEngine.swift */,
				501563D622F4B40E00720B75 /* Assets.xcassets */,
				501563DB22F4B40E00720B75 /* LaunchScreen.storyboard */,
				501563DE22F4B40E00720B75 /* Info.plist */,
				501563D822F4B40E00720B75 /* Preview Content */,
			);
			path = ARAudioTest;
			sourceTree = "<group>";
		};
		501563D822F4B40E00720B75 /* Preview Content */ = {
			isa = PBXGroup;
			children = (
				501563D922F4B40E00720B75 /* Preview Assets.xcassets */,
			);
			path = "Preview Content";
			sourceTree = "<group>";
		};
		D0C7191F536D842D7B1FD9CE /* Pods */ = {
			isa = PBXGroup;
			children = (
				3047F15EB22FECE6A93175DB /* Pods-ARAudioTest.debug.xcconfig */,
				E7DA62D65B92CFCB2569EAA6 /* Pods-ARAudioTest.release.xcconfig */,
			);
			path = Pods;
			sourceTree = "<group>";
		};
/* End PBXGroup section */

/* Begin PBXNativeTarget section */
		501563CC22F4B40A00720B75 /* ARAudioTest */ = {
			isa = PBXNativeTarget;
			buildConfigurationList = 501563E122F4B40E00720B75 /* Build configuration list for PBXNativeTarget "ARAudioTest" */;
			buildPhases = (
				C4CBE6C99A530A7915E2D667 /* [CP] Check Pods Manifest.lock */,
				501563C922F4B40A00720B75 /* Sources */,
				501563CA22F4B40A00720B75 /* Frameworks */,
				501563CB22F4B40A00720B75 /* Resources */,
			);
			buildRules = (
			);
			dependencies = (
			);
			name = ARAudioTest;
			productName = ARAudioTest;
			productReference = 501563CD22F4B40B00720B75 /* ARAudioTest.app */;
			productType = "com.apple.product-type.application";
		};
/* End PBXNativeTarget section */

/* Begin PBXProject section */
		501563C522F4B40A00720B75 /* Project object */ = {
			isa = PBXProject;
			attributes = {
				LastSwiftUpdateCheck = 1100;
				LastUpgradeCheck = 1100;
				ORGANIZATIONNAME = adajiang;
				TargetAttributes = {
					501563CC22F4B40A00720B75 = {
						CreatedOnToolsVersion = 11.0;
					};
				};
			};
			buildConfigurationList = 501563C822F4B40A00720B75 /* Build configuration list for PBXProject "ARAudioTest" */;
			compatibilityVersion = "Xcode 9.3";
			developmentRegion = en;
			hasScannedForEncodings = 0;
			knownRegions = (
				en,
				Base,
			);
			mainGroup = 501563C422F4B40A00720B75;
			productRefGroup = 501563CE22F4B40B00720B75 /* Products */;
			projectDirPath = "";
			projectRoot = "";
			targets = (
				501563CC22F4B40A00720B75 /* ARAudioTest */,
			);
		};
/* End PBXProject section */

/* Begin PBXResourcesBuildPhase section */
		501563CB22F4B40A00720B75 /* Resources */ = {
			isa = PBXResourcesBuildPhase;
			buildActionMask = 2147483647;
			files = (
				5013282422F8B6820032AA26 /* blobs.wav in Resources */,
				501563DD22F4B40E00720B75 /* LaunchScreen.storyboard in Resources */,
				5013D45F22FB5BFE00F1F2EC /* bottle.wav in Resources */,
				5013D45D22F8D58D00F1F2EC /* piano.wav in Resources */,
				501563DA22F4B40E00720B75 /* Preview Assets.xcassets in Resources */,
				501563D722F4B40E00720B75 /* Assets.xcassets in Resources */,
				501563E522F4C3F700720B75 /* hello.mp3 in Resources */,
			);
			runOnlyForDeploymentPostprocessing = 0;
		};
/* End PBXResourcesBuildPhase section */

/* Begin PBXShellScriptBuildPhase section */
		C4CBE6C99A530A7915E2D667 /* [CP] Check Pods Manifest.lock */ = {
			isa = PBXShellScriptBuildPhase;
			buildActionMask = 2147483647;
			files = (
			);
			inputFileListPaths = (
			);
			inputPaths = (
				"${PODS_PODFILE_DIR_PATH}/Podfile.lock",
				"${PODS_ROOT}/Manifest.lock",
			);
			name = "[CP] Check Pods Manifest.lock";
			outputFileListPaths = (
			);
			outputPaths = (
				"$(DERIVED_FILE_DIR)/Pods-ARAudioTest-checkManifestLockResult.txt",
			);
			runOnlyForDeploymentPostprocessing = 0;
			shellPath = /bin/sh;
			shellScript = "diff \"${PODS_PODFILE_DIR_PATH}/Podfile.lock\" \"${PODS_ROOT}/Manifest.lock\" > /dev/null\nif [ $? != 0 ] ; then\n    # print error to STDERR\n    echo \"error: The sandbox is not in sync with the Podfile.lock. Run 'pod install' or update your CocoaPods installation.\" >&2\n    exit 1\nfi\n# This output is used by Xcode 'outputs' to avoid re-running this script phase.\necho \"SUCCESS\" > \"${SCRIPT_OUTPUT_FILE_0}\"\n";
			showEnvVarsInLog = 0;
		};
/* End PBXShellScriptBuildPhase section */

/* Begin PBXSourcesBuildPhase section */
		501563C922F4B40A00720B75 /* Sources */ = {
			isa = PBXSourcesBuildPhase;
			buildActionMask = 2147483647;
			files = (
				5013D46122FCB19400F1F2EC /* AudioEngine.swift in Sources */,
				5013D46722FCB7B800F1F2EC /* SavedAudioView.swift in Sources */,
				501563D322F4B40B00720B75 /* Experience.rcproject in Sources */,
				501563D122F4B40B00720B75 /* AppDelegate.swift in Sources */,
				501563D522F4B40B00720B75 /* ContentView.swift in Sources */,
				5013D46322FCB6E500F1F2EC /* AudioView.swift in Sources */,
				5013D46522FCB77A00F1F2EC /* EffectPreview.swift in Sources */,
			);
			runOnlyForDeploymentPostprocessing = 0;
		};
/* End PBXSourcesBuildPhase section */

/* Begin PBXVariantGroup section */
		501563DB22F4B40E00720B75 /* LaunchScreen.storyboard */ = {
			isa = PBXVariantGroup;
			children = (
				501563DC22F4B40E00720B75 /* Base */,
			);
			name = LaunchScreen.storyboard;
			sourceTree = "<group>";
		};
/* End PBXVariantGroup section */

/* Begin XCBuildConfiguration section */
		501563DF22F4B40E00720B75 /* Debug */ = {
			isa = XCBuildConfiguration;
			buildSettings = {
				ALWAYS_SEARCH_USER_PATHS = NO;
				CLANG_ANALYZER_NONNULL = YES;
				CLANG_ANALYZER_NUMBER_OBJECT_CONVERSION = YES_AGGRESSIVE;
				CLANG_CXX_LANGUAGE_STANDARD = "gnu++14";
				CLANG_CXX_LIBRARY = "libc++";
				CLANG_ENABLE_MODULES = YES;
				CLANG_ENABLE_OBJC_ARC = YES;
				CLANG_ENABLE_OBJC_WEAK = YES;
				CLANG_WARN_BLOCK_CAPTURE_AUTORELEASING = YES;
				CLANG_WARN_BOOL_CONVERSION = YES;
				CLANG_WARN_COMMA = YES;
				CLANG_WARN_CONSTANT_CONVERSION = YES;
				CLANG_WARN_DEPRECATED_OBJC_IMPLEMENTATIONS = YES;
				CLANG_WARN_DIRECT_OBJC_ISA_USAGE = YES_ERROR;
				CLANG_WARN_DOCUMENTATION_COMMENTS = YES;
				CLANG_WARN_EMPTY_BODY = YES;
				CLANG_WARN_ENUM_CONVERSION = YES;
				CLANG_WARN_INFINITE_RECURSION = YES;
				CLANG_WARN_INT_CONVERSION = YES;
				CLANG_WARN_NON_LITERAL_NULL_CONVERSION = YES;
				CLANG_WARN_OBJC_IMPLICIT_RETAIN_SELF = YES;
				CLANG_WARN_OBJC_LITERAL_CONVERSION = YES;
				CLANG_WARN_OBJC_ROOT_CLASS = YES_ERROR;
				CLANG_WARN_RANGE_LOOP_ANALYSIS = YES;
				CLANG_WARN_STRICT_PROTOTYPES = YES;
				CLANG_WARN_SUSPICIOUS_MOVE = YES;
				CLANG_WARN_UNGUARDED_AVAILABILITY = YES_AGGRESSIVE;
				CLANG_WARN_UNREACHABLE_CODE = YES;
				CLANG_WARN__DUPLICATE_METHOD_MATCH = YES;
				COPY_PHASE_STRIP = NO;
				DEBUG_INFORMATION_FORMAT = dwarf;
				ENABLE_STRICT_OBJC_MSGSEND = YES;
				ENABLE_TESTABILITY = YES;
				GCC_C_LANGUAGE_STANDARD = gnu11;
				GCC_DYNAMIC_NO_PIC = NO;
				GCC_NO_COMMON_BLOCKS = YES;
				GCC_OPTIMIZATION_LEVEL = 0;
				GCC_PREPROCESSOR_DEFINITIONS = (
					"DEBUG=1",
					"$(inherited)",
				);
				GCC_WARN_64_TO_32_BIT_CONVERSION = YES;
				GCC_WARN_ABOUT_RETURN_TYPE = YES_ERROR;
				GCC_WARN_UNDECLARED_SELECTOR = YES;
				GCC_WARN_UNINITIALIZED_AUTOS = YES_AGGRESSIVE;
				GCC_WARN_UNUSED_FUNCTION = YES;
				GCC_WARN_UNUSED_VARIABLE = YES;
				IPHONEOS_DEPLOYMENT_TARGET = 13.0;
				MTL_ENABLE_DEBUG_INFO = INCLUDE_SOURCE;
				MTL_FAST_MATH = YES;
				ONLY_ACTIVE_ARCH = YES;
				SDKROOT = iphoneos;
				SWIFT_ACTIVE_COMPILATION_CONDITIONS = DEBUG;
				SWIFT_OPTIMIZATION_LEVEL = "-Onone";
			};
			name = Debug;
		};
		501563E022F4B40E00720B75 /* Release */ = {
			isa = XCBuildConfiguration;
			buildSettings = {
				ALWAYS_SEARCH_USER_PATHS = NO;
				CLANG_ANALYZER_NONNULL = YES;
				CLANG_ANALYZER_NUMBER_OBJECT_CONVERSION = YES_AGGRESSIVE;
				CLANG_CXX_LANGUAGE_STANDARD = "gnu++14";
				CLANG_CXX_LIBRARY = "libc++";
				CLANG_ENABLE_MODULES = YES;
				CLANG_ENABLE_OBJC_ARC = YES;
				CLANG_ENABLE_OBJC_WEAK = YES;
				CLANG_WARN_BLOCK_CAPTURE_AUTORELEASING = YES;
				CLANG_WARN_BOOL_CONVERSION = YES;
				CLANG_WARN_COMMA = YES;
				CLANG_WARN_CONSTANT_CONVERSION = YES;
				CLANG_WARN_DEPRECATED_OBJC_IMPLEMENTATIONS = YES;
				CLANG_WARN_DIRECT_OBJC_ISA_USAGE = YES_ERROR;
				CLANG_WARN_DOCUMENTATION_COMMENTS = YES;
				CLANG_WARN_EMPTY_BODY = YES;
				CLANG_WARN_ENUM_CONVERSION = YES;
				CLANG_WARN_INFINITE_RECURSION = YES;
				CLANG_WARN_INT_CONVERSION = YES;
				CLANG_WARN_NON_LITERAL_NULL_CONVERSION = YES;
				CLANG_WARN_OBJC_IMPLICIT_RETAIN_SELF = YES;
				CLANG_WARN_OBJC_LITERAL_CONVERSION = YES;
				CLANG_WARN_OBJC_ROOT_CLASS = YES_ERROR;
				CLANG_WARN_RANGE_LOOP_ANALYSIS = YES;
				CLANG_WARN_STRICT_PROTOTYPES = YES;
				CLANG_WARN_SUSPICIOUS_MOVE = YES;
				CLANG_WARN_UNGUARDED_AVAILABILITY = YES_AGGRESSIVE;
				CLANG_WARN_UNREACHABLE_CODE = YES;
				CLANG_WARN__DUPLICATE_METHOD_MATCH = YES;
				COPY_PHASE_STRIP = NO;
				DEBUG_INFORMATION_FORMAT = "dwarf-with-dsym";
				ENABLE_NS_ASSERTIONS = NO;
				ENABLE_STRICT_OBJC_MSGSEND = YES;
				GCC_C_LANGUAGE_STANDARD = gnu11;
				GCC_NO_COMMON_BLOCKS = YES;
				GCC_WARN_64_TO_32_BIT_CONVERSION = YES;
				GCC_WARN_ABOUT_RETURN_TYPE = YES_ERROR;
				GCC_WARN_UNDECLARED_SELECTOR = YES;
				GCC_WARN_UNINITIALIZED_AUTOS = YES_AGGRESSIVE;
				GCC_WARN_UNUSED_FUNCTION = YES;
				GCC_WARN_UNUSED_VARIABLE = YES;
				IPHONEOS_DEPLOYMENT_TARGET = 13.0;
				MTL_ENABLE_DEBUG_INFO = NO;
				MTL_FAST_MATH = YES;
				SDKROOT = iphoneos;
				SWIFT_COMPILATION_MODE = wholemodule;
				SWIFT_OPTIMIZATION_LEVEL = "-O";
				VALIDATE_PRODUCT = YES;
			};
			name = Release;
		};
		501563E222F4B40E00720B75 /* Debug */ = {
			isa = XCBuildConfiguration;
			baseConfigurationReference = 3047F15EB22FECE6A93175DB /* Pods-ARAudioTest.debug.xcconfig */;
			buildSettings = {
				ASSETCATALOG_COMPILER_APPICON_NAME = AppIcon;
				CODE_SIGN_STYLE = Automatic;
				DEVELOPMENT_ASSET_PATHS = "ARAudioTest/Preview\\ Content";
				DEVELOPMENT_TEAM = SYXC764D66;
				ENABLE_PREVIEWS = YES;
				INFOPLIST_FILE = ARAudioTest/Info.plist;
				LD_RUNPATH_SEARCH_PATHS = (
					"$(inherited)",
					"@executable_path/Frameworks",
				);
				PRODUCT_BUNDLE_IDENTIFIER = com.adajiang.ARAudioTest;
				PRODUCT_NAME = "$(TARGET_NAME)";
				SWIFT_VERSION = 5.0;
				TARGETED_DEVICE_FAMILY = "1,2";
			};
			name = Debug;
		};
		501563E322F4B40E00720B75 /* Release */ = {
			isa = XCBuildConfiguration;
			baseConfigurationReference = E7DA62D65B92CFCB2569EAA6 /* Pods-ARAudioTest.release.xcconfig */;
			buildSettings = {
				ASSETCATALOG_COMPILER_APPICON_NAME = AppIcon;
				CODE_SIGN_STYLE = Automatic;
				DEVELOPMENT_ASSET_PATHS = "ARAudioTest/Preview\\ Content";
				DEVELOPMENT_TEAM = SYXC764D66;
				ENABLE_PREVIEWS = YES;
				INFOPLIST_FILE = ARAudioTest/Info.plist;
				LD_RUNPATH_SEARCH_PATHS = (
					"$(inherited)",
					"@executable_path/Frameworks",
				);
				PRODUCT_BUNDLE_IDENTIFIER = com.adajiang.ARAudioTest;
				PRODUCT_NAME = "$(TARGET_NAME)";
				SWIFT_VERSION = 5.0;
				TARGETED_DEVICE_FAMILY = "1,2";
			};
			name = Release;
		};
/* End XCBuildConfiguration section */

/* Begin XCConfigurationList section */
		501563C822F4B40A00720B75 /* Build configuration list for PBXProject "ARAudioTest" */ = {
			isa = XCConfigurationList;
			buildConfigurations = (
				501563DF22F4B40E00720B75 /* Debug */,
				501563E022F4B40E00720B75 /* Release */,
			);
			defaultConfigurationIsVisible = 0;
			defaultConfigurationName = Release;
		};
		501563E122F4B40E00720B75 /* Build configuration list for PBXNativeTarget "ARAudioTest" */ = {
			isa = XCConfigurationList;
			buildConfigurations = (
				501563E222F4B40E00720B75 /* Debug */,
				501563E322F4B40E00720B75 /* Release */,
			);
			defaultConfigurationIsVisible = 0;
			defaultConfigurationName = Release;
		};
/* End XCConfigurationList section */
	};
	rootObject = 501563C522F4B40A00720B75 /* Project object */;
}
